
Microsoft Visual Studio Solution File, Format Version 12.00
# Visual Studio Version 17
VisualStudioVersion = 17.0.31903.59
MinimumVisualStudioVersion = 10.0.40219.1
Project("{FAE04EC0-301F-11D3-BF4B-00C04F79EFBC}") = "MyFirstCI.Api", "MyFirstCI.Api\MyFirstCI.Api.csproj", "{DE6C9A45-068C-492A-B457-4589CCEC3D5D}"
EndProject
Project("{FAE04EC0-301F-11D3-BF4B-00C04F79EFBC}") = "MyFirstCI.Tests", "MyFirstCI.Tests\MyFirstCI.Tests.csproj", "{510405CE-BCD3-4F6B-88A6-ACFD1DB919BC}"
EndProject
Global
	GlobalSection(SolutionConfigurationPlatforms) = preSolution
		Debug|Any CPU = Debug|Any CPU
		Debug|x64 = Debug|x64
		Debug|x86 = Debug|x86
		Release|Any CPU = Release|Any CPU
		Release|x64 = Release|x64
		Release|x86 = Release|x86
	EndGlobalSection
	GlobalSection(ProjectConfigurationPlatforms) = postSolution
		{DE6C9A45-068C-492A-B457-4589CCEC3D5D}.Debug|Any CPU.ActiveCfg = Debug|Any CPU
		{DE6C9A45-068C-492A-B457-4589CCEC3D5D}.Debug|Any CPU.Build.0 = Debug|Any CPU
		{DE6C9A45-068C-492A-B457-4589CCEC3D5D}.Debug|x64.ActiveCfg = Debug|Any CPU
		{DE6C9A45-068C-492A-B457-4589CCEC3D5D}.Debug|x64.Build.0 = Debug|Any CPU
		{DE6C9A45-068C-492A-B457-4589CCEC3D5D}.Debug|x86.ActiveCfg = Debug|Any CPU
		{DE6C9A45-068C-492A-B457-4589CCEC3D5D}.Debug|x86.Build.0 = Debug|Any CPU
		{DE6C9A45-068C-492A-B457-4589CCEC3D5D}.Release|Any CPU.ActiveCfg = Release|Any CPU
		{DE6C9A45-068C-492A-B457-4589CCEC3D5D}.Release|Any CPU.Build.0 = Release|Any CPU
		{DE6C9A45-068C-492A-B457-4589CCEC3D5D}.Release|x64.ActiveCfg = Release|Any CPU
		{DE6C9A45-068C-492A-B457-4589CCEC3D5D}.Release|x64.Build.0 = Release|Any CPU
		{DE6C9A45-068C-492A-B457-4589CCEC3D5D}.Release|x86.ActiveCfg = Release|Any CPU
		{DE6C9A45-068C-492A-B457-4589CCEC3D5D}.Release|x86.Build.0 = Release|Any CPU
		{510405CE-BCD3-4F6B-88A6-ACFD1DB919BC}.Debug|Any CPU.ActiveCfg = Debug|Any CPU
		{510405CE-BCD3-4F6B-88A6-ACFD1DB919BC}.Debug|Any CPU.Build.0 = Debug|Any CPU
		{510405CE-BCD3-4F6B-88A6-ACFD1DB919BC}.Debug|x64.ActiveCfg = Debug|Any CPU
		{510405CE-BCD3-4F6B-88A6-ACFD1DB919BC}.Debug|x64.Build.0 = Debug|Any CPU
		{510405CE-BCD3-4F6B-88A6-ACFD1DB919BC}.Debug|x86.ActiveCfg = Debug|Any CPU
		{510405CE-BCD3-4F6B-88A6-ACFD1DB919BC}.Debug|x86.Build.0 = Debug|Any CPU
		{510405CE-BCD3-4F6B-88A6-ACFD1DB919BC}.Release|Any CPU.ActiveCfg = Release|Any CPU
		{510405CE-BCD3-4F6B-88A6-ACFD1DB919BC}.Release|Any CPU.Build.0 = Release|Any CPU
		{510405CE-BCD3-4F6B-88A6-ACFD1DB919BC}.Release|x64.ActiveCfg = Release|Any CPU
		{510405CE-BCD3-4F6B-88A6-ACFD1DB919BC}.Release|x64.Build.0 = Release|Any CPU
		{510405CE-BCD3-4F6B-88A6-ACFD1DB919BC}.Release|x86.ActiveCfg = Release|Any CPU
		{510405CE-BCD3-4F6B-88A6-ACFD1DB919BC}.Release|x86.Build.0 = Release|Any CPU
	EndGlobalSection
	GlobalSection(SolutionProperties) = preSolution
		HideSolutionNode = FALSE
	EndGlobalSection
EndGlobal
